
Microsoft Visual Studio Solution File, Format Version 12.00
# Visual Studio Version 17
VisualStudioVersion = 17.3.32929.385
MinimumVisualStudioVersion = 10.0.40219.1
Project("{FAE04EC0-301F-11D3-BF4B-00C04F79EFBC}") = "10.15.fileedit", "10.15.fileedit\10.15.fileedit.csproj", "{BBBDDF74-D428-4041-AD2B-4015EAD6B295}"
EndProject
Global
	GlobalSection(SolutionConfigurationPlatforms) = preSolution
		Debug|Any CPU = Debug|Any CPU
		Release|Any CPU = Release|Any CPU
	EndGlobalSection
	GlobalSection(ProjectConfigurationPlatforms) = postSolution
		{BBBDDF74-D428-4041-AD2B-4015EAD6B295}.Debug|Any CPU.ActiveCfg = Debug|Any CPU
		{BBBDDF74-D428-4041-AD2B-4015EAD6B295}.Debug|Any CPU.Build.0 = Debug|Any CPU
		{BBBDDF74-D428-4041-AD2B-4015EAD6B295}.Release|Any CPU.ActiveCfg = Release|Any CPU
		{BBBDDF74-D428-4041-AD2B-4015EAD6B295}.Release|Any CPU.Build.0 = Release|Any CPU
	EndGlobalSection
	GlobalSection(SolutionProperties) = preSolution
		HideSolutionNode = FALSE
	EndGlobalSection
	GlobalSection(ExtensibilityGlobals) = postSolution
		SolutionGuid = {37F343B3-3FAF-4BFA-90C8-B4031A3F8E73}
	EndGlobalSection
EndGlobal
